
Microsoft Visual Studio Solution File, Format Version 12.00
# Visual Studio Version 17
VisualStudioVersion = 17.3.32825.248
MinimumVisualStudioVersion = 10.0.40219.1
Project("{FAE04EC0-301F-11D3-BF4B-00C04F79EFBC}") = "atm", "atm.csproj", "{806A5266-590F-4DFD-8E4E-5F1FA635BDBD}"
EndProject
Global
	GlobalSection(SolutionConfigurationPlatforms) = preSolution
		Debug|Any CPU = Debug|Any CPU
		Release|Any CPU = Release|Any CPU
	EndGlobalSection
	GlobalSection(ProjectConfigurationPlatforms) = postSolution
		{806A5266-590F-4DFD-8E4E-5F1FA635BDBD}.Debug|Any CPU.ActiveCfg = Debug|Any CPU
		{806A5266-590F-4DFD-8E4E-5F1FA635BDBD}.Debug|Any CPU.Build.0 = Debug|Any CPU
		{806A5266-590F-4DFD-8E4E-5F1FA635BDBD}.Release|Any CPU.ActiveCfg = Release|Any CPU
		{806A5266-590F-4DFD-8E4E-5F1FA635BDBD}.Release|Any CPU.Build.0 = Release|Any CPU
	EndGlobalSection
	GlobalSection(SolutionProperties) = preSolution
		HideSolutionNode = FALSE
	EndGlobalSection
	GlobalSection(ExtensibilityGlobals) = postSolution
		SolutionGuid = {8ECD1388-571C-4596-9577-4F1349B4C81A}
	EndGlobalSection
EndGlobal
